
Microsoft Visual Studio Solution File, Format Version 12.00
# Visual Studio Version 17
VisualStudioVersion = 17.7.34221.43
MinimumVisualStudioVersion = 10.0.40219.1
Project("{FAE04EC0-301F-11D3-BF4B-00C04F79EFBC}") = "API", "API\API.csproj", "{3ED6CDAD-0A4D-46E9-9FB3-70C3838A85FF}"
EndProject
Global
	GlobalSection(SolutionConfigurationPlatforms) = preSolution
		Debug|Any CPU = Debug|Any CPU
		Release|Any CPU = Release|Any CPU
	EndGlobalSection
	GlobalSection(ProjectConfigurationPlatforms) = postSolution
		{3ED6CDAD-0A4D-46E9-9FB3-70C3838A85FF}.Debug|Any CPU.ActiveCfg = Debug|Any CPU
		{3ED6CDAD-0A4D-46E9-9FB3-70C3838A85FF}.Debug|Any CPU.Build.0 = Debug|Any CPU
		{3ED6CDAD-0A4D-46E9-9FB3-70C3838A85FF}.Release|Any CPU.ActiveCfg = Release|Any CPU
		{3ED6CDAD-0A4D-46E9-9FB3-70C3838A85FF}.Release|Any CPU.Build.0 = Release|Any CPU
	EndGlobalSection
	GlobalSection(SolutionProperties) = preSolution
		HideSolutionNode = FALSE
	EndGlobalSection
	GlobalSection(ExtensibilityGlobals) = postSolution
		SolutionGuid = {852731CC-F597-41D1-8790-BE6F2E334FC9}
	EndGlobalSection
EndGlobal
